
Microsoft Visual Studio Solution File, Format Version 12.00
# Visual Studio 15
Project("{FAE04EC0-301F-11D3-BF4B-00C04F79EFBC}") = "ChocolateSample", "ChocolateSample\ChocolateSample.csproj", "{D212E24A-F4CA-4648-BF60-78AFBFD7ED2F}"
EndProject
Global
	GlobalSection(SolutionConfigurationPlatforms) = preSolution
		Debug|iPhoneSimulator = Debug|iPhoneSimulator
		Release|iPhoneSimulator = Release|iPhoneSimulator
		Debug|iPhone = Debug|iPhone
		Release|iPhone = Release|iPhone
	EndGlobalSection
	GlobalSection(ProjectConfigurationPlatforms) = postSolution
		{D212E24A-F4CA-4648-BF60-78AFBFD7ED2F}.Debug|iPhoneSimulator.ActiveCfg = Debug|iPhoneSimulator
		{D212E24A-F4CA-4648-BF60-78AFBFD7ED2F}.Debug|iPhoneSimulator.Build.0 = Debug|iPhoneSimulator
		{D212E24A-F4CA-4648-BF60-78AFBFD7ED2F}.Release|iPhoneSimulator.ActiveCfg = Release|iPhoneSimulator
		{D212E24A-F4CA-4648-BF60-78AFBFD7ED2F}.Release|iPhoneSimulator.Build.0 = Release|iPhoneSimulator
		{D212E24A-F4CA-4648-BF60-78AFBFD7ED2F}.Debug|iPhone.ActiveCfg = Debug|iPhone
		{D212E24A-F4CA-4648-BF60-78AFBFD7ED2F}.Debug|iPhone.Build.0 = Debug|iPhone
		{D212E24A-F4CA-4648-BF60-78AFBFD7ED2F}.Release|iPhone.ActiveCfg = Release|iPhone
		{D212E24A-F4CA-4648-BF60-78AFBFD7ED2F}.Release|iPhone.Build.0 = Release|iPhone
	EndGlobalSection
EndGlobal
